
Microsoft Visual Studio Solution File, Format Version 12.00
# Visual Studio Version 17
VisualStudioVersion = 17.14.37111.16 d17.14
MinimumVisualStudioVersion = 10.0.40219.1
Project("{2150E333-8FDC-42A3-9474-1A3956D46DE8}") = "Apis", "Apis", "{02EA681E-C7D8-13C7-8484-4AC65E1B71E8}"
EndProject
Project("{2150E333-8FDC-42A3-9474-1A3956D46DE8}") = "ClassLibraries", "ClassLibraries", "{410DFB33-18D8-456A-998A-32EFC0D20004}"
EndProject
Project("{2150E333-8FDC-42A3-9474-1A3956D46DE8}") = "TestCases", "TestCases", "{45BA19F1-02C1-41C1-91CB-5D1DF9515EEC}"
EndProject
Project("{FAE04EC0-301F-11D3-BF4B-00C04F79EFBC}") = "Contoller", "Contoller\Contoller.csproj", "{294D595D-4C18-4E76-AD44-94B1540A4C44}"
EndProject
Project("{FAE04EC0-301F-11D3-BF4B-00C04F79EFBC}") = "Entities", "Entities\Entities.csproj", "{04F126A5-9906-4D8C-B229-935E87C8597B}"
EndProject
Project("{FAE04EC0-301F-11D3-BF4B-00C04F79EFBC}") = "DbConnectivity", "DbConnectivity\DbConnectivity.csproj", "{CB993927-75FF-43C7-83C4-3C2802FDE485}"
EndProject
Project("{FAE04EC0-301F-11D3-BF4B-00C04F79EFBC}") = "Repositories", "Repositories\Repositories.csproj", "{3ED34326-1DBE-4487-8547-54807246DFF9}"
EndProject
Project("{FAE04EC0-301F-11D3-BF4B-00C04F79EFBC}") = "Services", "Services\Services.csproj", "{D5E2E799-FA05-4425-B404-84E8EAA941E2}"
EndProject
Global
	GlobalSection(SolutionConfigurationPlatforms) = preSolution
		Debug|Any CPU = Debug|Any CPU
		Release|Any CPU = Release|Any CPU
	EndGlobalSection
	GlobalSection(ProjectConfigurationPlatforms) = postSolution
		{294D595D-4C18-4E76-AD44-94B1540A4C44}.Debug|Any CPU.ActiveCfg = Debug|Any CPU
		{294D595D-4C18-4E76-AD44-94B1540A4C44}.Debug|Any CPU.Build.0 = Debug|Any CPU
		{294D595D-4C18-4E76-AD44-94B1540A4C44}.Release|Any CPU.ActiveCfg = Release|Any CPU
		{294D595D-4C18-4E76-AD44-94B1540A4C44}.Release|Any CPU.Build.0 = Release|Any CPU
		{04F126A5-9906-4D8C-B229-935E87C8597B}.Debug|Any CPU.ActiveCfg = Debug|Any CPU
		{04F126A5-9906-4D8C-B229-935E87C8597B}.Debug|Any CPU.Build.0 = Debug|Any CPU
		{04F126A5-9906-4D8C-B229-935E87C8597B}.Release|Any CPU.ActiveCfg = Release|Any CPU
		{04F126A5-9906-4D8C-B229-935E87C8597B}.Release|Any CPU.Build.0 = Release|Any CPU
		{CB993927-75FF-43C7-83C4-3C2802FDE485}.Debug|Any CPU.ActiveCfg = Debug|Any CPU
		{CB993927-75FF-43C7-83C4-3C2802FDE485}.Debug|Any CPU.Build.0 = Debug|Any CPU
		{CB993927-75FF-43C7-83C4-3C2802FDE485}.Release|Any CPU.ActiveCfg = Release|Any CPU
		{CB993927-75FF-43C7-83C4-3C2802FDE485}.Release|Any CPU.Build.0 = Release|Any CPU
		{3ED34326-1DBE-4487-8547-54807246DFF9}.Debug|Any CPU.ActiveCfg = Debug|Any CPU
		{3ED34326-1DBE-4487-8547-54807246DFF9}.Debug|Any CPU.Build.0 = Debug|Any CPU
		{3ED34326-1DBE-4487-8547-54807246DFF9}.Release|Any CPU.ActiveCfg = Release|Any CPU
		{3ED34326-1DBE-4487-8547-54807246DFF9}.Release|Any CPU.Build.0 = Release|Any CPU
		{D5E2E799-FA05-4425-B404-84E8EAA941E2}.Debug|Any CPU.ActiveCfg = Debug|Any CPU
		{D5E2E799-FA05-4425-B404-84E8EAA941E2}.Debug|Any CPU.Build.0 = Debug|Any CPU
		{D5E2E799-FA05-4425-B404-84E8EAA941E2}.Release|Any CPU.ActiveCfg = Release|Any CPU
		{D5E2E799-FA05-4425-B404-84E8EAA941E2}.Release|Any CPU.Build.0 = Release|Any CPU
	EndGlobalSection
	GlobalSection(SolutionProperties) = preSolution
		HideSolutionNode = FALSE
	EndGlobalSection
	GlobalSection(NestedProjects) = preSolution
		{294D595D-4C18-4E76-AD44-94B1540A4C44} = {02EA681E-C7D8-13C7-8484-4AC65E1B71E8}
		{04F126A5-9906-4D8C-B229-935E87C8597B} = {410DFB33-18D8-456A-998A-32EFC0D20004}
		{CB993927-75FF-43C7-83C4-3C2802FDE485} = {410DFB33-18D8-456A-998A-32EFC0D20004}
		{3ED34326-1DBE-4487-8547-54807246DFF9} = {410DFB33-18D8-456A-998A-32EFC0D20004}
		{D5E2E799-FA05-4425-B404-84E8EAA941E2} = {410DFB33-18D8-456A-998A-32EFC0D20004}
	EndGlobalSection
	GlobalSection(ExtensibilityGlobals) = postSolution
		SolutionGuid = {6BBDB2E6-743B-4603-A3D3-A4A9FD722DCE}
	EndGlobalSection
EndGlobal
